// !$*UTF8*$!
{
	archiveVersion = 1;
	classes = {
	};
	objectVersion = 46;
	objects = {

/* Begin PBXBuildFile section */
		3E38C90E1E1376D60055F3C9 /* logo.png in Resources */ = {isa = PBXBuildFile; fileRef = 3E38C90D1E1376D60055F3C9 /* logo.png */; };
		3E38C9101E138FA20055F3C9 /* camera.png in Resources */ = {isa = PBXBuildFile; fileRef = 3E38C90F1E138FA20055F3C9 /* camera.png */; };
		3E38C9121E13907E0055F3C9 /* photo.png in Resources */ = {isa = PBXBuildFile; fileRef = 3E38C9111E13907E0055F3C9 /* photo.png */; };
		3E38C9141E1392180055F3C9 /* up.png in Resources */ = {isa = PBXBuildFile; fileRef = 3E38C9131E1392180055F3C9 /* up.png */; };
		3E38C9161E1393DD0055F3C9 /* star.png in Resources */ = {isa = PBXBuildFile; fileRef = 3E38C9151E1393DD0055F3C9 /* star.png */; };
		3E38C9181E13942F0055F3C9 /* star2.png in Resources */ = {isa = PBXBuildFile; fileRef = 3E38C9171E13942F0055F3C9 /* star2.png */; };
		3E38C91E1E14A2AA0055F3C9 /* icon.png in Resources */ = {isa = PBXBuildFile; fileRef = 3E38C91D1E14A2AA0055F3C9 /* icon.png */; };
		3E38C9201E14A89B0055F3C9 /* date.png in Resources */ = {isa = PBXBuildFile; fileRef = 3E38C91F1E14A89B0055F3C9 /* date.png */; };
		BE7726D11E1342E400793F5A /* AppDelegate.swift in Sources */ = {isa = PBXBuildFile; fileRef = BE7726D01E1342E400793F5A /* AppDelegate.swift */; };
		BE7726D31E1342E400793F5A /* ViewController.swift in Sources */ = {isa = PBXBuildFile; fileRef = BE7726D21E1342E400793F5A /* ViewController.swift */; };
		BE7726D61E1342E400793F5A /* Main.storyboard in Resources */ = {isa = PBXBuildFile; fileRef = BE7726D41E1342E400793F5A /* Main.storyboard */; };
		BE7726D81E1342E400793F5A /* Assets.xcassets in Resources */ = {isa = PBXBuildFile; fileRef = BE7726D71E1342E400793F5A /* Assets.xcassets */; };
		BE7726DB1E1342E400793F5A /* LaunchScreen.storyboard in Resources */ = {isa = PBXBuildFile; fileRef = BE7726D91E1342E400793F5A /* LaunchScreen.storyboard */; };
		BE7726E61E1342E400793F5A /* PhotoMasterTests.swift in Sources */ = {isa = PBXBuildFile; fileRef = BE7726E51E1342E400793F5A /* PhotoMasterTests.swift */; };
		BE7726F11E1342E400793F5A /* PhotoMasterUITests.swift in Sources */ = {isa = PBXBuildFile; fileRef = BE7726F01E1342E400793F5A /* PhotoMasterUITests.swift */; };
/* End PBXBuildFile section */

/* Begin PBXContainerItemProxy section */
		BE7726E21E1342E400793F5A /* PBXContainerItemProxy */ = {
			isa = PBXContainerItemProxy;
			containerPortal = BE7726C51E1342E400793F5A /* Project object */;
			proxyType = 1;
			remoteGlobalIDString = BE7726CC1E1342E400793F5A;
			remoteInfo = PhotoMaster;
		};
		BE7726ED1E1342E400793F5A /* PBXContainerItemProxy */ = {
			isa = PBXContainerItemProxy;
			containerPortal = BE7726C51E1342E400793F5A /* Project object */;
			proxyType = 1;
			remoteGlobalIDString = BE7726CC1E1342E400793F5A;
			remoteInfo = PhotoMaster;
		};
/* End PBXContainerItemProxy section */

/* Begin PBXFileReference section */
		3E38C90D1E1376D60055F3C9 /* logo.png */ = {isa = PBXFileReference; lastKnownFileType = image.png; path = logo.png; sourceTree = "<group>"; };
		3E38C90F1E138FA20055F3C9 /* camera.png */ = {isa = PBXFileReference; lastKnownFileType = image.png; path = camera.png; sourceTree = "<group>"; };
		3E38C9111E13907E0055F3C9 /* photo.png */ = {isa = PBXFileReference; lastKnownFileType = image.png; path = photo.png; sourceTree = "<group>"; };
		3E38C9131E1392180055F3C9 /* up.png */ = {isa = PBXFileReference; lastKnownFileType = image.png; path = up.png; sourceTree = "<group>"; };
		3E38C9151E1393DD0055F3C9 /* star.png */ = {isa = PBXFileReference; lastKnownFileType = image.png; path = star.png; sourceTree = "<group>"; };
		3E38C9171E13942F0055F3C9 /* star2.png */ = {isa = PBXFileReference; lastKnownFileType = image.png; path = star2.png; sourceTree = "<group>"; };
		3E38C91D1E14A2AA0055F3C9 /* icon.png */ = {isa = PBXFileReference; lastKnownFileType = image.png; path = icon.png; sourceTree = "<group>"; };
		3E38C91F1E14A89B0055F3C9 /* date.png */ = {isa = PBXFileReference; lastKnownFileType = image.png; path = date.png; sourceTree = "<group>"; };
		BE7726CD1E1342E400793F5A /* PhotoMaster.app */ = {isa = PBXFileReference; explicitFileType = wrapper.application; includeInIndex = 0; path = PhotoMaster.app; sourceTree = BUILT_PRODUCTS_DIR; };
		BE7726D01E1342E400793F5A /* AppDelegate.swift */ = {isa = PBXFileReference; lastKnownFileType = sourcecode.swift; path = AppDelegate.swift; sourceTree = "<group>"; };
		BE7726D21E1342E400793F5A /* ViewController.swift */ = {isa = PBXFileReference; lastKnownFileType = sourcecode.swift; path = ViewController.swift; sourceTree = "<group>"; };
		BE7726D51E1342E400793F5A /* Base */ = {isa = PBXFileReference; lastKnownFileType = file.storyboard; name = Base; path = Base.lproj/Main.storyboard; sourceTree = "<group>"; };
		BE7726D71E1342E400793F5A /* Assets.xcassets */ = {isa = PBXFileReference; lastKnownFileType = folder.assetcatalog; path = Assets.xcassets; sourceTree = "<group>"; };
		BE7726DA1E1342E400793F5A /* Base */ = {isa = PBXFileReference; lastKnownFileType = file.storyboard; name = Base; path = Base.lproj/LaunchScreen.storyboard; sourceTree = "<group>"; };
		BE7726DC1E1342E400793F5A /* Info.plist */ = {isa = PBXFileReference; lastKnownFileType = text.plist.xml; path = Info.plist; sourceTree = "<group>"; };
		BE7726E11E1342E400793F5A /* PhotoMasterTests.xctest */ = {isa = PBXFileReference; explicitFileType = wrapper.cfbundle; includeInIndex = 0; path = PhotoMasterTests.xctest; sourceTree = BUILT_PRODUCTS_DIR; };
		BE7726E51E1342E400793F5A /* PhotoMasterTests.swift */ = {isa = PBXFileReference; lastKnownFileType = sourcecode.swift; path = PhotoMasterTests.swift; sourceTree = "<group>"; };
		BE7726E71E1342E400793F5A /* Info.plist */ = {isa = PBXFileReference; lastKnownFileType = text.plist.xml; path = Info.plist; sourceTree = "<group>"; };
		BE7726EC1E1342E400793F5A /* PhotoMasterUITests.xctest */ = {isa = PBXFileReference; explicitFileType = wrapper.cfbundle; includeInIndex = 0; path = PhotoMasterUITests.xctest; sourceTree = BUILT_PRODUCTS_DIR; };
		BE7726F01E1342E400793F5A /* PhotoMasterUITests.swift */ = {isa = PBXFileReference; lastKnownFileType = sourcecode.swift; path = PhotoMasterUITests.swift; sourceTree = "<group>"; };
		BE7726F21E1342E400793F5A /* Info.plist */ = {isa = PBXFileReference; lastKnownFileType = text.plist.xml; path = Info.plist; sourceTree = "<group>"; };
/* End PBXFileReference section */

/* Begin PBXFrameworksBuildPhase section */
		BE7726CA1E1342E400793F5A /* Frameworks */ = {
			isa = PBXFrameworksBuildPhase;
			buildActionMask = 2147483647;
			files = (
			);
			runOnlyForDeploymentPostprocessing = 0;
		};
		BE7726DE1E1342E400793F5A /* Frameworks */ = {
			isa = PBXFrameworksBuildPhase;
			buildActionMask = 2147483647;
			files = (
			);
			runOnlyForDeploymentPostprocessing = 0;
		};
		BE7726E91E1342E400793F5A /* Frameworks */ = {
			isa = PBXFrameworksBuildPhase;
			buildActionMask = 2147483647;
			files = (
			);
			runOnlyForDeploymentPostprocessing = 0;
		};
/* End PBXFrameworksBuildPhase section */

/* Begin PBXGroup section */
		BE7726C41E1342E400793F5A = {
			isa = PBXGroup;
			children = (
				BE7726CF1E1342E400793F5A /* PhotoMaster */,
				BE7726E41E1342E400793F5A /* PhotoMasterTests */,
				BE7726EF1E1342E400793F5A /* PhotoMasterUITests */,
				BE7726CE1E1342E400793F5A /* Products */,
			);
			sourceTree = "<group>";
		};
		BE7726CE1E1342E400793F5A /* Products */ = {
			isa = PBXGroup;
			children = (
				BE7726CD1E1342E400793F5A /* PhotoMaster.app */,
				BE7726E11E1342E400793F5A /* PhotoMasterTests.xctest */,
				BE7726EC1E1342E400793F5A /* PhotoMasterUITests.xctest */,
			);
			name = Products;
			sourceTree = "<group>";
		};
		BE7726CF1E1342E400793F5A /* PhotoMaster */ = {
			isa = PBXGroup;
			children = (
				BE7726D01E1342E400793F5A /* AppDelegate.swift */,
				BE7726D21E1342E400793F5A /* ViewController.swift */,
				BE7726D41E1342E400793F5A /* Main.storyboard */,
				3E38C90D1E1376D60055F3C9 /* logo.png */,
				3E38C90F1E138FA20055F3C9 /* camera.png */,
				3E38C9131E1392180055F3C9 /* up.png */,
				3E38C91D1E14A2AA0055F3C9 /* icon.png */,
				3E38C9111E13907E0055F3C9 /* photo.png */,
				3E38C91F1E14A89B0055F3C9 /* date.png */,
				3E38C9171E13942F0055F3C9 /* star2.png */,
				3E38C9151E1393DD0055F3C9 /* star.png */,
				BE7726D71E1342E400793F5A /* Assets.xcassets */,
				BE7726D91E1342E400793F5A /* LaunchScreen.storyboard */,
				BE7726DC1E1342E400793F5A /* Info.plist */,
			);
			path = PhotoMaster;
			sourceTree = "<group>";
		};
		BE7726E41E1342E400793F5A /* PhotoMasterTests */ = {
			isa = PBXGroup;
			children = (
				BE7726E51E1342E400793F5A /* PhotoMasterTests.swift */,
				BE7726E71E1342E400793F5A /* Info.plist */,
			);
			path = PhotoMasterTests;
			sourceTree = "<group>";
		};
		BE7726EF1E1342E400793F5A /* PhotoMasterUITests */ = {
			isa = PBXGroup;
			children = (
				BE7726F01E1342E400793F5A /* PhotoMasterUITests.swift */,
				BE7726F21E1342E400793F5A /* Info.plist */,
			);
			path = PhotoMasterUITests;
			sourceTree = "<group>";
		};
/* End PBXGroup section */

/* Begin PBXNativeTarget section */
		BE7726CC1E1342E400793F5A /* PhotoMaster */ = {
			isa = PBXNativeTarget;
			buildConfigurationList = BE7726F51E1342E400793F5A /* Build configuration list for PBXNativeTarget "PhotoMaster" */;
			buildPhases = (
				BE7726C91E1342E400793F5A /* Sources */,
				BE7726CA1E1342E400793F5A /* Frameworks */,
				BE7726CB1E1342E400793F5A /* Resources */,
			);
			buildRules = (
			);
			dependencies = (
			);
			name = PhotoMaster;
			productName = PhotoMaster;
			productReference = BE7726CD1E1342E400793F5A /* PhotoMaster.app */;
			productType = "com.apple.product-type.application";
		};
		BE7726E01E1342E400793F5A /* PhotoMasterTests */ = {
			isa = PBXNativeTarget;
			buildConfigurationList = BE7726F81E1342E400793F5A /* Build configuration list for PBXNativeTarget "PhotoMasterTests" */;
			buildPhases = (
				BE7726DD1E1342E400793F5A /* Sources */,
				BE7726DE1E1342E400793F5A /* Frameworks */,
				BE7726DF1E1342E400793F5A /* Resources */,
			);
			buildRules = (
			);
			dependencies = (
				BE7726E31E1342E400793F5A /* PBXTargetDependency */,
			);
			name = PhotoMasterTests;
			productName = PhotoMasterTests;
			productReference = BE7726E11E1342E400793F5A /* PhotoMasterTests.xctest */;
			productType = "com.apple.product-type.bundle.unit-test";
		};
		BE7726EB1E1342E400793F5A /* PhotoMasterUITests */ = {
			isa = PBXNativeTarget;
			buildConfigurationList = BE7726FB1E1342E400793F5A /* Build configuration list for PBXNativeTarget "PhotoMasterUITests" */;
			buildPhases = (
				BE7726E81E1342E400793F5A /* Sources */,
				BE7726E91E1342E400793F5A /* Frameworks */,
				BE7726EA1E1342E400793F5A /* Resources */,
			);
			buildRules = (
			);
			dependencies = (
				BE7726EE1E1342E400793F5A /* PBXTargetDependency */,
			);
			name = PhotoMasterUITests;
			productName = PhotoMasterUITests;
			productReference = BE7726EC1E1342E400793F5A /* PhotoMasterUITests.xctest */;
			productType = "com.apple.product-type.bundle.ui-testing";
		};
/* End PBXNativeTarget section */

/* Begin PBXProject section */
		BE7726C51E1342E400793F5A /* Project object */ = {
			isa = PBXProject;
			attributes = {
				LastSwiftUpdateCheck = 0800;
				LastUpgradeCheck = 0800;
				ORGANIZATIONNAME = "Yuki Sekido";
				TargetAttributes = {
					BE7726CC1E1342E400793F5A = {
						CreatedOnToolsVersion = 8.0;
						DevelopmentTeam = F3R77N599D;
						ProvisioningStyle = Automatic;
					};
					BE7726E01E1342E400793F5A = {
						CreatedOnToolsVersion = 8.0;
						ProvisioningStyle = Automatic;
						TestTargetID = BE7726CC1E1342E400793F5A;
					};
					BE7726EB1E1342E400793F5A = {
						CreatedOnToolsVersion = 8.0;
						ProvisioningStyle = Automatic;
						TestTargetID = BE7726CC1E1342E400793F5A;
					};
				};
			};
			buildConfigurationList = BE7726C81E1342E400793F5A /* Build configuration list for PBXProject "PhotoMaster" */;
			compatibilityVersion = "Xcode 3.2";
			developmentRegion = English;
			hasScannedForEncodings = 0;
			knownRegions = (
				en,
				Base,
			);
			mainGroup = BE7726C41E1342E400793F5A;
			productRefGroup = BE7726CE1E1342E400793F5A /* Products */;
			projectDirPath = "";
			projectRoot = "";
			targets = (
				BE7726CC1E1342E400793F5A /* PhotoMaster */,
				BE7726E01E1342E400793F5A /* PhotoMasterTests */,
				BE7726EB1E1342E400793F5A /* PhotoMasterUITests */,
			);
		};
/* End PBXProject section */

/* Begin PBXResourcesBuildPhase section */
		BE7726CB1E1342E400793F5A /* Resources */ = {
			isa = PBXResourcesBuildPhase;
			buildActionMask = 2147483647;
			files = (
				3E38C9141E1392180055F3C9 /* up.png in Resources */,
				3E38C9181E13942F0055F3C9 /* star2.png in Resources */,
				3E38C90E1E1376D60055F3C9 /* logo.png in Resources */,
				BE7726DB1E1342E400793F5A /* LaunchScreen.storyboard in Resources */,
				3E38C9121E13907E0055F3C9 /* photo.png in Resources */,
				BE7726D81E1342E400793F5A /* Assets.xcassets in Resources */,
				3E38C9201E14A89B0055F3C9 /* date.png in Resources */,
				3E38C91E1E14A2AA0055F3C9 /* icon.png in Resources */,
				3E38C9161E1393DD0055F3C9 /* star.png in Resources */,
				BE7726D61E1342E400793F5A /* Main.storyboard in Resources */,
				3E38C9101E138FA20055F3C9 /* camera.png in Resources */,
			);
			runOnlyForDeploymentPostprocessing = 0;
		};
		BE7726DF1E1342E400793F5A /* Resources */ = {
			isa = PBXResourcesBuildPhase;
			buildActionMask = 2147483647;
			files = (
			);
			runOnlyForDeploymentPostprocessing = 0;
		};
		BE7726EA1E1342E400793F5A /* Resources */ = {
			isa = PBXResourcesBuildPhase;
			buildActionMask = 2147483647;
			files = (
			);
			runOnlyForDeploymentPostprocessing = 0;
		};
/* End PBXResourcesBuildPhase section */

/* Begin PBXSourcesBuildPhase section */
		BE7726C91E1342E400793F5A /* Sources */ = {
			isa = PBXSourcesBuildPhase;
			buildActionMask = 2147483647;
			files = (
				BE7726D31E1342E400793F5A /* ViewController.swift in Sources */,
				BE7726D11E1342E400793F5A /* AppDelegate.swift in Sources */,
			);
			runOnlyForDeploymentPostprocessing = 0;
		};
		BE7726DD1E1342E400793F5A /* Sources */ = {
			isa = PBXSourcesBuildPhase;
			buildActionMask = 2147483647;
			files = (
				BE7726E61E1342E400793F5A /* PhotoMasterTests.swift in Sources */,
			);
			runOnlyForDeploymentPostprocessing = 0;
		};
		BE7726E81E1342E400793F5A /* Sources */ = {
			isa = PBXSourcesBuildPhase;
			buildActionMask = 2147483647;
			files = (
				BE7726F11E1342E400793F5A /* PhotoMasterUITests.swift in Sources */,
			);
			runOnlyForDeploymentPostprocessing = 0;
		};
/* End PBXSourcesBuildPhase section */

/* Begin PBXTargetDependency section */
		BE7726E31E1342E400793F5A /* PBXTargetDependency */ = {
			isa = PBXTargetDependency;
			target = BE7726CC1E1342E400793F5A /* PhotoMaster */;
			targetProxy = BE7726E21E1342E400793F5A /* PBXContainerItemProxy */;
		};
		BE7726EE1E1342E400793F5A /* PBXTargetDependency */ = {
			isa = PBXTargetDependency;
			target = BE7726CC1E1342E400793F5A /* PhotoMaster */;
			targetProxy = BE7726ED1E1342E400793F5A /* PBXContainerItemProxy */;
		};
/* End PBXTargetDependency section */

/* Begin PBXVariantGroup section */
		BE7726D41E1342E400793F5A /* Main.storyboard */ = {
			isa = PBXVariantGroup;
			children = (
				BE7726D51E1342E400793F5A /* Base */,
			);
			name = Main.storyboard;
			sourceTree = "<group>";
		};
		BE7726D91E1342E400793F5A /* LaunchScreen.storyboard */ = {
			isa = PBXVariantGroup;
			children = (
				BE7726DA1E1342E400793F5A /* Base */,
			);
			name = LaunchScreen.storyboard;
			sourceTree = "<group>";
		};
/* End PBXVariantGroup section */

/* Begin XCBuildConfiguration section */
		BE7726F31E1342E400793F5A /* Debug */ = {
			isa = XCBuildConfiguration;
			buildSettings = {
				ALWAYS_SEARCH_USER_PATHS = NO;
				CLANG_ANALYZER_NONNULL = YES;
				CLANG_CXX_LANGUAGE_STANDARD = "gnu++0x";
				CLANG_CXX_LIBRARY = "libc++";
				CLANG_ENABLE_MODULES = YES;
				CLANG_ENABLE_OBJC_ARC = YES;
				CLANG_WARN_BOOL_CONVERSION = YES;
				CLANG_WARN_CONSTANT_CONVERSION = YES;
				CLANG_WARN_DIRECT_OBJC_ISA_USAGE = YES_ERROR;
				CLANG_WARN_DOCUMENTATION_COMMENTS = YES;
				CLANG_WARN_EMPTY_BODY = YES;
				CLANG_WARN_ENUM_CONVERSION = YES;
				CLANG_WARN_INFINITE_RECURSION = YES;
				CLANG_WARN_INT_CONVERSION = YES;
				CLANG_WARN_OBJC_ROOT_CLASS = YES_ERROR;
				CLANG_WARN_SUSPICIOUS_MOVES = YES;
				CLANG_WARN_UNREACHABLE_CODE = YES;
				CLANG_WARN__DUPLICATE_METHOD_MATCH = YES;
				"CODE_SIGN_IDENTITY[sdk=iphoneos*]" = "iPhone Developer";
				COPY_PHASE_STRIP = NO;
				DEBUG_INFORMATION_FORMAT = dwarf;
				ENABLE_STRICT_OBJC_MSGSEND = YES;
				ENABLE_TESTABILITY = YES;
				GCC_C_LANGUAGE_STANDARD = gnu99;
				GCC_DYNAMIC_NO_PIC = NO;
				GCC_NO_COMMON_BLOCKS = YES;
				GCC_OPTIMIZATION_LEVEL = 0;
				GCC_PREPROCESSOR_DEFINITIONS = (
					"DEBUG=1",
					"$(inherited)",
				);
				GCC_WARN_64_TO_32_BIT_CONVERSION = YES;
				GCC_WARN_ABOUT_RETURN_TYPE = YES_ERROR;
				GCC_WARN_UNDECLARED_SELECTOR = YES;
				GCC_WARN_UNINITIALIZED_AUTOS = YES_AGGRESSIVE;
				GCC_WARN_UNUSED_FUNCTION = YES;
				GCC_WARN_UNUSED_VARIABLE = YES;
				IPHONEOS_DEPLOYMENT_TARGET = 8.0;
				MTL_ENABLE_DEBUG_INFO = YES;
				ONLY_ACTIVE_ARCH = YES;
				SDKROOT = iphoneos;
				SWIFT_ACTIVE_COMPILATION_CONDITIONS = DEBUG;
				SWIFT_OPTIMIZATION_LEVEL = "-Onone";
				TARGETED_DEVICE_FAMILY = "1,2";
			};
			name = Debug;
		};
		BE7726F41E1342E400793F5A /* Release */ = {
			isa = XCBuildConfiguration;
			buildSettings = {
				ALWAYS_SEARCH_USER_PATHS = NO;
				CLANG_ANALYZER_NONNULL = YES;
				CLANG_CXX_LANGUAGE_STANDARD = "gnu++0x";
				CLANG_CXX_LIBRARY = "libc++";
				CLANG_ENABLE_MODULES = YES;
				CLANG_ENABLE_OBJC_ARC = YES;
				CLANG_WARN_BOOL_CONVERSION = YES;
				CLANG_WARN_CONSTANT_CONVERSION = YES;
				CLANG_WARN_DIRECT_OBJC_ISA_USAGE = YES_ERROR;
				CLANG_WARN_DOCUMENTATION_COMMENTS = YES;
				CLANG_WARN_EMPTY_BODY = YES;
				CLANG_WARN_ENUM_CONVERSION = YES;
				CLANG_WARN_INFINITE_RECURSION = YES;
				CLANG_WARN_INT_CONVERSION = YES;
				CLANG_WARN_OBJC_ROOT_CLASS = YES_ERROR;
				CLANG_WARN_SUSPICIOUS_MOVES = YES;
				CLANG_WARN_UNREACHABLE_CODE = YES;
				CLANG_WARN__DUPLICATE_METHOD_MATCH = YES;
				"CODE_SIGN_IDENTITY[sdk=iphoneos*]" = "iPhone Developer";
				COPY_PHASE_STRIP = NO;
				DEBUG_INFORMATION_FORMAT = "dwarf-with-dsym";
				ENABLE_NS_ASSERTIONS = NO;
				ENABLE_STRICT_OBJC_MSGSEND = YES;
				GCC_C_LANGUAGE_STANDARD = gnu99;
				GCC_NO_COMMON_BLOCKS = YES;
				GCC_WARN_64_TO_32_BIT_CONVERSION = YES;
				GCC_WARN_ABOUT_RETURN_TYPE = YES_ERROR;
				GCC_WARN_UNDECLARED_SELECTOR = YES;
				GCC_WARN_UNINITIALIZED_AUTOS = YES_AGGRESSIVE;
				GCC_WARN_UNUSED_FUNCTION = YES;
				GCC_WARN_UNUSED_VARIABLE = YES;
				IPHONEOS_DEPLOYMENT_TARGET = 8.0;
				MTL_ENABLE_DEBUG_INFO = NO;
				SDKROOT = iphoneos;
				SWIFT_OPTIMIZATION_LEVEL = "-Owholemodule";
				TARGETED_DEVICE_FAMILY = "1,2";
				VALIDATE_PRODUCT = YES;
			};
			name = Release;
		};
		BE7726F61E1342E400793F5A /* Debug */ = {
			isa = XCBuildConfiguration;
			buildSettings = {
				ASSETCATALOG_COMPILER_APPICON_NAME = AppIcon;
				CODE_SIGN_IDENTITY = "iPhone Developer: step1336@gmail.com (279LGNCXZ4)";
				"CODE_SIGN_IDENTITY[sdk=iphoneos*]" = "iPhone Developer";
				DEVELOPMENT_TEAM = F3R77N599D;
				INFOPLIST_FILE = PhotoMaster/Info.plist;
				IPHONEOS_DEPLOYMENT_TARGET = 9.3;
				LD_RUNPATH_SEARCH_PATHS = "$(inherited) @executable_path/Frameworks";
				PRODUCT_BUNDLE_IDENTIFIER = com.yuki.PhotoMaster;
				PRODUCT_NAME = "$(TARGET_NAME)";
				SWIFT_VERSION = 3.0;
				TARGETED_DEVICE_FAMILY = "1,2";
			};
			name = Debug;
		};
		BE7726F71E1342E400793F5A /* Release */ = {
			isa = XCBuildConfiguration;
			buildSettings = {
				ASSETCATALOG_COMPILER_APPICON_NAME = AppIcon;
				CODE_SIGN_IDENTITY = "iPhone Developer: step1336@gmail.com (279LGNCXZ4)";
				"CODE_SIGN_IDENTITY[sdk=iphoneos*]" = "iPhone Developer";
				DEVELOPMENT_TEAM = F3R77N599D;
				INFOPLIST_FILE = PhotoMaster/Info.plist;
				IPHONEOS_DEPLOYMENT_TARGET = 9.3;
				LD_RUNPATH_SEARCH_PATHS = "$(inherited) @executable_path/Frameworks";
				PRODUCT_BUNDLE_IDENTIFIER = com.yuki.PhotoMaster;
				PRODUCT_NAME = "$(TARGET_NAME)";
				SWIFT_VERSION = 3.0;
				TARGETED_DEVICE_FAMILY = "1,2";
			};
			name = Release;
		};
		BE7726F91E1342E400793F5A /* Debug */ = {
			isa = XCBuildConfiguration;
			buildSettings = {
				ALWAYS_EMBED_SWIFT_STANDARD_LIBRARIES = YES;
				BUNDLE_LOADER = "$(TEST_HOST)";
				INFOPLIST_FILE = PhotoMasterTests/Info.plist;
				LD_RUNPATH_SEARCH_PATHS = "$(inherited) @executable_path/Frameworks @loader_path/Frameworks";
				PRODUCT_BUNDLE_IDENTIFIER = com.yuki.PhotoMasterTests;
				PRODUCT_NAME = "$(TARGET_NAME)";
				SWIFT_VERSION = 3.0;
				TEST_HOST = "$(BUILT_PRODUCTS_DIR)/PhotoMaster.app/PhotoMaster";
			};
			name = Debug;
		};
		BE7726FA1E1342E400793F5A /* Release */ = {
			isa = XCBuildConfiguration;
			buildSettings = {
				ALWAYS_EMBED_SWIFT_STANDARD_LIBRARIES = YES;
				BUNDLE_LOADER = "$(TEST_HOST)";
				INFOPLIST_FILE = PhotoMasterTests/Info.plist;
				LD_RUNPATH_SEARCH_PATHS = "$(inherited) @executable_path/Frameworks @loader_path/Frameworks";
				PRODUCT_BUNDLE_IDENTIFIER = com.yuki.PhotoMasterTests;
				PRODUCT_NAME = "$(TARGET_NAME)";
				SWIFT_VERSION = 3.0;
				TEST_HOST = "$(BUILT_PRODUCTS_DIR)/PhotoMaster.app/PhotoMaster";
			};
			name = Release;
		};
		BE7726FC1E1342E400793F5A /* Debug */ = {
			isa = XCBuildConfiguration;
			buildSettings = {
				ALWAYS_EMBED_SWIFT_STANDARD_LIBRARIES = YES;
				INFOPLIST_FILE = PhotoMasterUITests/Info.plist;
				LD_RUNPATH_SEARCH_PATHS = "$(inherited) @executable_path/Frameworks @loader_path/Frameworks";
				PRODUCT_BUNDLE_IDENTIFIER = com.yuki.PhotoMasterUITests;
				PRODUCT_NAME = "$(TARGET_NAME)";
				SWIFT_VERSION = 3.0;
				TEST_TARGET_NAME = PhotoMaster;
			};
			name = Debug;
		};
		BE7726FD1E1342E400793F5A /* Release */ = {
			isa = XCBuildConfiguration;
			buildSettings = {
				ALWAYS_EMBED_SWIFT_STANDARD_LIBRARIES = YES;
				INFOPLIST_FILE = PhotoMasterUITests/Info.plist;
				LD_RUNPATH_SEARCH_PATHS = "$(inherited) @executable_path/Frameworks @loader_path/Frameworks";
				PRODUCT_BUNDLE_IDENTIFIER = com.yuki.PhotoMasterUITests;
				PRODUCT_NAME = "$(TARGET_NAME)";
				SWIFT_VERSION = 3.0;
				TEST_TARGET_NAME = PhotoMaster;
			};
			name = Release;
		};
/* End XCBuildConfiguration section */

/* Begin XCConfigurationList section */
		BE7726C81E1342E400793F5A /* Build configuration list for PBXProject "PhotoMaster" */ = {
			isa = XCConfigurationList;
			buildConfigurations = (
				BE7726F31E1342E400793F5A /* Debug */,
				BE7726F41E1342E400793F5A /* Release */,
			);
			defaultConfigurationIsVisible = 0;
			defaultConfigurationName = Release;
		};
		BE7726F51E1342E400793F5A /* Build configuration list for PBXNativeTarget "PhotoMaster" */ = {
			isa = XCConfigurationList;
			buildConfigurations = (
				BE7726F61E1342E400793F5A /* Debug */,
				BE7726F71E1342E400793F5A /* Release */,
			);
			defaultConfigurationIsVisible = 0;
			defaultConfigurationName = Release;
		};
		BE7726F81E1342E400793F5A /* Build configuration list for PBXNativeTarget "PhotoMasterTests" */ = {
			isa = XCConfigurationList;
			buildConfigurations = (
				BE7726F91E1342E400793F5A /* Debug */,
				BE7726FA1E1342E400793F5A /* Release */,
			);
			defaultConfigurationIsVisible = 0;
			defaultConfigurationName = Release;
		};
		BE7726FB1E1342E400793F5A /* Build configuration list for PBXNativeTarget "PhotoMasterUITests" */ = {
			isa = XCConfigurationList;
			buildConfigurations = (
				BE7726FC1E1342E400793F5A /* Debug */,
				BE7726FD1E1342E400793F5A /* Release */,
			);
			defaultConfigurationIsVisible = 0;
			defaultConfigurationName = Release;
		};
/* End XCConfigurationList section */
	};
	rootObject = BE7726C51E1342E400793F5A /* Project object */;
}
